
Microsoft Visual Studio Solution File, Format Version 12.00
# Visual Studio 15
VisualStudioVersion = 15.0.26228.9
MinimumVisualStudioVersion = 10.0.40219.1
Project("{FAE04EC0-301F-11D3-BF4B-00C04F79EFBC}") = "Inventory", "Inventory\Inventory.csproj", "{943F8817-45DD-490F-9494-1247DDC2212D}"
EndProject
Project("{FAE04EC0-301F-11D3-BF4B-00C04F79EFBC}") = "WFMain", "WFMain\WFMain.csproj", "{A7E3028F-5661-4486-B41C-40806C4D0F83}"
EndProject
Global
	GlobalSection(SolutionConfigurationPlatforms) = preSolution
		Debug|Any CPU = Debug|Any CPU
		Release|Any CPU = Release|Any CPU
	EndGlobalSection
	GlobalSection(ProjectConfigurationPlatforms) = postSolution
		{943F8817-45DD-490F-9494-1247DDC2212D}.Debug|Any CPU.ActiveCfg = Debug|Any CPU
		{943F8817-45DD-490F-9494-1247DDC2212D}.Debug|Any CPU.Build.0 = Debug|Any CPU
		{943F8817-45DD-490F-9494-1247DDC2212D}.Release|Any CPU.ActiveCfg = Release|Any CPU
		{943F8817-45DD-490F-9494-1247DDC2212D}.Release|Any CPU.Build.0 = Release|Any CPU
		{A7E3028F-5661-4486-B41C-40806C4D0F83}.Debug|Any CPU.ActiveCfg = Debug|Any CPU
		{A7E3028F-5661-4486-B41C-40806C4D0F83}.Debug|Any CPU.Build.0 = Debug|Any CPU
		{A7E3028F-5661-4486-B41C-40806C4D0F83}.Release|Any CPU.ActiveCfg = Release|Any CPU
		{A7E3028F-5661-4486-B41C-40806C4D0F83}.Release|Any CPU.Build.0 = Release|Any CPU
	EndGlobalSection
	GlobalSection(SolutionProperties) = preSolution
		HideSolutionNode = FALSE
	EndGlobalSection
EndGlobal
